
Microsoft Visual Studio Solution File, Format Version 12.00
# Visual Studio Version 17
VisualStudioVersion = 17.13.35913.81 d17.13
MinimumVisualStudioVersion = 10.0.40219.1
Project("{8BC9CEB8-8B4A-11D0-8D11-00A0C91BC942}") = "std_jzq", "std_jzq.vcxproj", "{A75AA289-8C6A-4B40-BCE8-0B76511EF504}"
EndProject
Global
	GlobalSection(SolutionConfigurationPlatforms) = preSolution
		Debug|x64 = Debug|x64
		Debug|x86 = Debug|x86
		Release|x64 = Release|x64
		Release|x86 = Release|x86
	EndGlobalSection
	GlobalSection(ProjectConfigurationPlatforms) = postSolution
		{A75AA289-8C6A-4B40-BCE8-0B76511EF504}.Debug|x64.ActiveCfg = Debug|x64
		{A75AA289-8C6A-4B40-BCE8-0B76511EF504}.Debug|x64.Build.0 = Debug|x64
		{A75AA289-8C6A-4B40-BCE8-0B76511EF504}.Debug|x86.ActiveCfg = Debug|Win32
		{A75AA289-8C6A-4B40-BCE8-0B76511EF504}.Debug|x86.Build.0 = Debug|Win32
		{A75AA289-8C6A-4B40-BCE8-0B76511EF504}.Release|x64.ActiveCfg = Release|x64
		{A75AA289-8C6A-4B40-BCE8-0B76511EF504}.Release|x64.Build.0 = Release|x64
		{A75AA289-8C6A-4B40-BCE8-0B76511EF504}.Release|x86.ActiveCfg = Release|Win32
		{A75AA289-8C6A-4B40-BCE8-0B76511EF504}.Release|x86.Build.0 = Release|Win32
	EndGlobalSection
	GlobalSection(SolutionProperties) = preSolution
		HideSolutionNode = FALSE
	EndGlobalSection
	GlobalSection(ExtensibilityGlobals) = postSolution
		SolutionGuid = {7E0D3F93-4C47-4E8A-B3AD-EA390D14D400}
	EndGlobalSection
EndGlobal
