<?xml version="1.0" encoding="utf-8"?>
<Project ToolsVersion="4.0" xmlns="http://schemas.microsoft.com/developer/msbuild/2003">
  <ItemGroup>
    <Filter Include="源文件">
      <UniqueIdentifier>{4FC737F1-C7A5-4376-A066-2A32D752A2FF}</UniqueIdentifier>
      <Extensions>cpp;c;cc;cxx;c++;cppm;ixx;def;odl;idl;hpj;bat;asm;asmx</Extensions>
    </Filter>
    <Filter Include="头文件">
      <UniqueIdentifier>{93995380-89BD-4b04-88EB-625FBE52EBFB}</UniqueIdentifier>
      <Extensions>h;hh;hpp;hxx;h++;hm;inl;inc;ipp;xsd</Extensions>
    </Filter>
    <Filter Include="资源文件">
      <UniqueIdentifier>{67DA6AB6-F800-4c08-8B7A-83BB121AAD01}</UniqueIdentifier>
      <Extensions>rc;ico;cur;bmp;dlg;rc2;rct;bin;rgs;gif;jpg;jpeg;jpe;resx;tiff;tif;png;wav;mfcribbon-ms</Extensions>
    </Filter>
    <Filter Include="头文件\scene">
      <UniqueIdentifier>{d066caa8-0643-425d-b9cb-576d86167865}</UniqueIdentifier>
    </Filter>
    <Filter Include="头文件\util">
      <UniqueIdentifier>{7ec87c1c-b7eb-41cd-87f2-779e61f488e7}</UniqueIdentifier>
    </Filter>
    <Filter Include="头文件\player">
      <UniqueIdentifier>{ae07ad51-3c63-46e8-ba11-b39117ff36aa}</UniqueIdentifier>
    </Filter>
    <Filter Include="头文件\resource">
      <UniqueIdentifier>{5298060e-5ac4-4618-84a0-8c6c775e2049}</UniqueIdentifier>
    </Filter>
    <Filter Include="头文件\collision">
      <UniqueIdentifier>{d2c846f6-2b48-4990-a304-af5e0293cca2}</UniqueIdentifier>
    </Filter>
    <Filter Include="头文件\state">
      <UniqueIdentifier>{43eff140-9733-44bb-baa8-24fa817b20d9}</UniqueIdentifier>
    </Filter>
  </ItemGroup>
  <ItemGroup>
    <ClCompile Include="main.cpp">
      <Filter>源文件</Filter>
    </ClCompile>
    <ClCompile Include="ResourceManager.cpp">
      <Filter>源文件</Filter>
    </ClCompile>
    <ClCompile Include="CollisionBox.cpp">
      <Filter>源文件</Filter>
    </ClCompile>
    <ClCompile Include="CollisionManager.cpp">
      <Filter>源文件</Filter>
    </ClCompile>
    <ClCompile Include="StateNode.cpp">
      <Filter>源文件</Filter>
    </ClCompile>
    <ClCompile Include="StateMachine.cpp">
      <Filter>源文件</Filter>
    </ClCompile>
    <ClCompile Include="Character.cpp">
      <Filter>源文件</Filter>
    </ClCompile>
    <ClCompile Include="PlayerStateNodes.cpp">
      <Filter>源文件</Filter>
    </ClCompile>
    <ClCompile Include="CharacterManager.cpp">
      <Filter>源文件</Filter>
    </ClCompile>
    <ClCompile Include="Player.cpp">
      <Filter>源文件</Filter>
    </ClCompile>
  </ItemGroup>
  <ItemGroup>
    <ClInclude Include="Bullet.h">
      <Filter>头文件</Filter>
    </ClInclude>
    <ClInclude Include="Camera.h">
      <Filter>头文件</Filter>
    </ClInclude>
    <ClInclude Include="Particle.h">
      <Filter>头文件</Filter>
    </ClInclude>
    <ClInclude Include="Platform.h">
      <Filter>头文件</Filter>
    </ClInclude>
    <ClInclude Include="PlayerID.h">
      <Filter>头文件</Filter>
    </ClInclude>
    <ClInclude Include="StatusBar.h">
      <Filter>头文件</Filter>
    </ClInclude>
    <ClInclude Include="Scene.h">
      <Filter>头文件\scene</Filter>
    </ClInclude>
    <ClInclude Include="SceneManager.h">
      <Filter>头文件\scene</Filter>
    </ClInclude>
    <ClInclude Include="util.h">
      <Filter>头文件\util</Filter>
    </ClInclude>
    <ClInclude Include="utils.h">
      <Filter>头文件\util</Filter>
    </ClInclude>
    <ClInclude Include="Vector2.h">
      <Filter>头文件\util</Filter>
    </ClInclude>
    <ClInclude Include="Timer.h">
      <Filter>头文件\util</Filter>
    </ClInclude>
    <ClInclude Include="Player.h">
      <Filter>头文件\player</Filter>
    </ClInclude>
    <ClInclude Include="PlayerStateNodes.h">
      <Filter>头文件\player</Filter>
    </ClInclude>
    <ClInclude Include="Character.h">
      <Filter>头文件\player</Filter>
    </ClInclude>
    <ClInclude Include="CharacterManager.h">
      <Filter>头文件\player</Filter>
    </ClInclude>
    <ClInclude Include="Animation.h">
      <Filter>头文件\resource</Filter>
    </ClInclude>
    <ClInclude Include="Atlas.h">
      <Filter>头文件\resource</Filter>
    </ClInclude>
    <ClInclude Include="ResourceManager.h">
      <Filter>头文件\resource</Filter>
    </ClInclude>
    <ClInclude Include="Collision_layer.h">
      <Filter>头文件\collision</Filter>
    </ClInclude>
    <ClInclude Include="CollisionBox.h">
      <Filter>头文件\collision</Filter>
    </ClInclude>
    <ClInclude Include="CollisionManager.h">
      <Filter>头文件\collision</Filter>
    </ClInclude>
    <ClInclude Include="StateMachine.h">
      <Filter>头文件\state</Filter>
    </ClInclude>
    <ClInclude Include="StateNode.h">
      <Filter>头文件\state</Filter>
    </ClInclude>
  </ItemGroup>
</Project>