<?xml version="1.0" encoding="utf-8"?>
<Project ToolsVersion="4.0" xmlns="http://schemas.microsoft.com/developer/msbuild/2003">
  <ItemGroup>
    <Filter Include="源文件">
      <UniqueIdentifier>{4FC737F1-C7A5-4376-A066-2A32D752A2FF}</UniqueIdentifier>
      <Extensions>cpp;c;cc;cxx;c++;cppm;ixx;def;odl;idl;hpj;bat;asm;asmx</Extensions>
    </Filter>
    <Filter Include="头文件">
      <UniqueIdentifier>{93995380-89BD-4b04-88EB-625FBE52EBFB}</UniqueIdentifier>
      <Extensions>h;hh;hpp;hxx;h++;hm;inl;inc;ipp;xsd</Extensions>
    </Filter>
    <Filter Include="资源文件">
      <UniqueIdentifier>{67DA6AB6-F800-4c08-8B7A-83BB121AAD01}</UniqueIdentifier>
      <Extensions>rc;ico;cur;bmp;dlg;rc2;rct;bin;rgs;gif;jpg;jpeg;jpe;resx;tiff;tif;png;wav;mfcribbon-ms</Extensions>
    </Filter>
    <Filter Include="头文件\scene">
      <UniqueIdentifier>{62efa504-ecf7-48f8-a998-0b1a40160af7}</UniqueIdentifier>
    </Filter>
    <Filter Include="头文件\player">
      <UniqueIdentifier>{fba4b610-3e3c-468c-8eba-9a643d45ad8a}</UniqueIdentifier>
    </Filter>
    <Filter Include="头文件\bullet">
      <UniqueIdentifier>{8538c807-55c6-45f3-924a-347c95104f04}</UniqueIdentifier>
    </Filter>
  </ItemGroup>
  <ItemGroup>
    <ClCompile Include="main.cpp">
      <Filter>源文件</Filter>
    </ClCompile>
    <ClCompile Include="Scene.cpp">
      <Filter>源文件</Filter>
    </ClCompile>
    <ClCompile Include="MenuScene.cpp">
      <Filter>源文件</Filter>
    </ClCompile>
    <ClCompile Include="GamaScene.cpp">
      <Filter>源文件</Filter>
    </ClCompile>
    <ClCompile Include="SceneManager.cpp">
      <Filter>源文件</Filter>
    </ClCompile>
    <ClCompile Include="SelectorScene.cpp">
      <Filter>源文件</Filter>
    </ClCompile>
    <ClCompile Include="Atlas.cpp">
      <Filter>源文件</Filter>
    </ClCompile>
    <ClCompile Include="Animation.cpp">
      <Filter>源文件</Filter>
    </ClCompile>
    <ClCompile Include="Vector2.cpp">
      <Filter>源文件</Filter>
    </ClCompile>
    <ClCompile Include="Camera.cpp">
      <Filter>源文件</Filter>
    </ClCompile>
    <ClCompile Include="Timer.cpp">
      <Filter>源文件</Filter>
    </ClCompile>
    <ClCompile Include="Platform.cpp">
      <Filter>源文件</Filter>
    </ClCompile>
    <ClCompile Include="Player.cpp">
      <Filter>源文件</Filter>
    </ClCompile>
    <ClCompile Include="PeashooterPlayer.cpp">
      <Filter>源文件</Filter>
    </ClCompile>
    <ClCompile Include="SunflowerPlayer.cpp">
      <Filter>源文件</Filter>
    </ClCompile>
    <ClCompile Include="Bullet.cpp">
      <Filter>源文件</Filter>
    </ClCompile>
    <ClCompile Include="PeaBullet.cpp">
      <Filter>源文件</Filter>
    </ClCompile>
    <ClCompile Include="SunBullet.cpp">
      <Filter>源文件</Filter>
    </ClCompile>
    <ClCompile Include="SunBulletEx.cpp">
      <Filter>源文件</Filter>
    </ClCompile>
    <ClCompile Include="StatusBar.cpp">
      <Filter>源文件</Filter>
    </ClCompile>
  </ItemGroup>
  <ItemGroup>
    <ClInclude Include="Scene.h">
      <Filter>头文件\scene</Filter>
    </ClInclude>
    <ClInclude Include="GamaScene.h">
      <Filter>头文件\scene</Filter>
    </ClInclude>
    <ClInclude Include="MenuScene.h">
      <Filter>头文件\scene</Filter>
    </ClInclude>
    <ClInclude Include="Atlas.h">
      <Filter>头文件</Filter>
    </ClInclude>
    <ClInclude Include="util.h">
      <Filter>头文件</Filter>
    </ClInclude>
    <ClInclude Include="Animation.h">
      <Filter>头文件</Filter>
    </ClInclude>
    <ClInclude Include="Vector2.h">
      <Filter>头文件</Filter>
    </ClInclude>
    <ClInclude Include="Camera.h">
      <Filter>头文件</Filter>
    </ClInclude>
    <ClInclude Include="Timer.h">
      <Filter>头文件</Filter>
    </ClInclude>
    <ClInclude Include="utils.h">
      <Filter>头文件</Filter>
    </ClInclude>
    <ClInclude Include="Platform.h">
      <Filter>头文件</Filter>
    </ClInclude>
    <ClInclude Include="Player.h">
      <Filter>头文件\player</Filter>
    </ClInclude>
    <ClInclude Include="PeashooterPlayer.h">
      <Filter>头文件\player</Filter>
    </ClInclude>
    <ClInclude Include="SunflowerPlayer.h">
      <Filter>头文件\player</Filter>
    </ClInclude>
    <ClInclude Include="PlayerID.h">
      <Filter>头文件\player</Filter>
    </ClInclude>
    <ClInclude Include="SunBullet.h">
      <Filter>头文件\bullet</Filter>
    </ClInclude>
    <ClInclude Include="SunBulletEx.h">
      <Filter>头文件\bullet</Filter>
    </ClInclude>
    <ClInclude Include="PeaBullet.h">
      <Filter>头文件\bullet</Filter>
    </ClInclude>
    <ClInclude Include="Bullet.h">
      <Filter>头文件\bullet</Filter>
    </ClInclude>
    <ClInclude Include="StatusBar.h">
      <Filter>头文件</Filter>
    </ClInclude>
    <ClInclude Include="SelectorScene.h">
      <Filter>头文件\scene</Filter>
    </ClInclude>
    <ClInclude Include="SceneManager.h">
      <Filter>头文件\scene</Filter>
    </ClInclude>
  </ItemGroup>
</Project>